
Microsoft Visual Studio Solution File, Format Version 12.00
# Visual Studio Version 17
VisualStudioVersion = 17.9.34728.123
MinimumVisualStudioVersion = 10.0.40219.1
Project("{9A19103F-16F7-4668-BE54-9A1E7A4F7556}") = "(if)DzNomber6", "(if)DzNomber6.csproj", "{D2B24FD6-6064-49D2-AB18-ACC7A3ECEB19}"
EndProject
Global
	GlobalSection(SolutionConfigurationPlatforms) = preSolution
		Debug|Any CPU = Debug|Any CPU
		Release|Any CPU = Release|Any CPU
	EndGlobalSection
	GlobalSection(ProjectConfigurationPlatforms) = postSolution
		{D2B24FD6-6064-49D2-AB18-ACC7A3ECEB19}.Debug|Any CPU.ActiveCfg = Debug|Any CPU
		{D2B24FD6-6064-49D2-AB18-ACC7A3ECEB19}.Debug|Any CPU.Build.0 = Debug|Any CPU
		{D2B24FD6-6064-49D2-AB18-ACC7A3ECEB19}.Release|Any CPU.ActiveCfg = Release|Any CPU
		{D2B24FD6-6064-49D2-AB18-ACC7A3ECEB19}.Release|Any CPU.Build.0 = Release|Any CPU
	EndGlobalSection
	GlobalSection(SolutionProperties) = preSolution
		HideSolutionNode = FALSE
	EndGlobalSection
	GlobalSection(ExtensibilityGlobals) = postSolution
		SolutionGuid = {D97EEEDB-5CCC-44E0-A325-C03ED8F5AF5B}
	EndGlobalSection
EndGlobal
